// !$*UTF8*$!
{
	archiveVersion = 1;
	classes = {
	};
	objectVersion = 56;
	objects = {

/* Begin PBXBuildFile section */
		8CD965322F40F02800AE2AF5 /* Resources in Resources */ = {isa = PBXBuildFile; fileRef = 8CD965312F40F02800AE2AF5 /* Resources */; };
		8CE1FDCB2F3D2AD8000A3945 /* HelmService.xpc in Embed XPC Services */ = {isa = PBXBuildFile; fileRef = 8CE1FDC02F3D2AD7000A3945 /* HelmService.xpc */; settings = {ATTRIBUTES = (RemoveHeadersOnCopy, ); }; };
		8CE1FDD22F3D2B84000A3945 /* HelmServiceProtocol.swift in Sources */ = {isa = PBXBuildFile; fileRef = 8CE1FDD12F3D2B84000A3945 /* HelmServiceProtocol.swift */; };
		8CE1FDD32F3D2B84000A3945 /* HelmServiceProtocol.swift in Sources */ = {isa = PBXBuildFile; fileRef = 8CE1FDD12F3D2B84000A3945 /* HelmServiceProtocol.swift */; };
		8CE1FDD82F3D2BAA000A3945 /* HelmService.swift in Sources */ = {isa = PBXBuildFile; fileRef = 8CE1FDD52F3D2BA9000A3945 /* HelmService.swift */; };
		8CE1FDD92F3D2BAA000A3945 /* main.swift in Sources */ = {isa = PBXBuildFile; fileRef = 8CE1FDD62F3D2BA9000A3945 /* main.swift */; };
		8CE1FDDA2F3D2BAA000A3945 /* HelmServiceDelegate.swift in Sources */ = {isa = PBXBuildFile; fileRef = 8CE1FDD72F3D2BA9000A3945 /* HelmServiceDelegate.swift */; };
		8CE1FDDD2F3D2DA7000A3945 /* libhelm_ffi.a in Frameworks */ = {isa = PBXBuildFile; fileRef = 8CFB6D482F3D1B24002372B8 /* libhelm_ffi.a */; };
		8CFB6D572F3D1D1D002372B8 /* HelmCore.swift in Sources */ = {isa = PBXBuildFile; fileRef = 8CFB6D4B2F3D1D1D002372B8 /* HelmCore.swift */; };
		8CFB6D582F3D1D1D002372B8 /* TaskListView.swift in Sources */ = {isa = PBXBuildFile; fileRef = 8CFB6D4D2F3D1D1D002372B8 /* TaskListView.swift */; };
		8CFB6D592F3D1D1D002372B8 /* PackageListView.swift in Sources */ = {isa = PBXBuildFile; fileRef = 8CFB6D4E2F3D1D1D002372B8 /* PackageListView.swift */; };
		8CFB6D5A2F3D1D1D002372B8 /* Package.swift in Sources */ = {isa = PBXBuildFile; fileRef = 8CFB6D552F3D1D1D002372B8 /* Package.swift */; };
		8CFB6D5B2F3D1D1D002372B8 /* Task.swift in Sources */ = {isa = PBXBuildFile; fileRef = 8CFB6D562F3D1D1D002372B8 /* Task.swift */; };
		A10000010000000000000001 /* HelmApp.swift in Sources */ = {isa = PBXBuildFile; fileRef = A10000020000000000000001 /* HelmApp.swift */; };
		A10000010000000000000002 /* AppDelegate.swift in Sources */ = {isa = PBXBuildFile; fileRef = A10000020000000000000002 /* AppDelegate.swift */; };
		A10000010000000000000003 /* Assets.xcassets in Resources */ = {isa = PBXBuildFile; fileRef = A10000020000000000000003 /* Assets.xcassets */; };
		A30000000000000000000002 /* HelmVersion.swift in Sources */ = {isa = PBXBuildFile; fileRef = A30000000000000000000001 /* HelmVersion.swift */; };
		B20000000000000000000001 /* ManagerInfo.swift in Sources */ = {isa = PBXBuildFile; fileRef = B10000000000000000000001 /* ManagerInfo.swift */; };
		B20000000000000000000002 /* LabeledContentRow.swift in Sources */ = {isa = PBXBuildFile; fileRef = B10000000000000000000002 /* LabeledContentRow.swift */; };
		B20000000000000000000003 /* FilterButton.swift in Sources */ = {isa = PBXBuildFile; fileRef = B10000000000000000000003 /* FilterButton.swift */; };
		B20000000000000000000004 /* ManagerItemView.swift in Sources */ = {isa = PBXBuildFile; fileRef = B10000000000000000000004 /* ManagerItemView.swift */; };
		B20000000000000000000005 /* PackageRowView.swift in Sources */ = {isa = PBXBuildFile; fileRef = B10000000000000000000005 /* PackageRowView.swift */; };
		B20000000000000000000006 /* TaskRowView.swift in Sources */ = {isa = PBXBuildFile; fileRef = B10000000000000000000006 /* TaskRowView.swift */; };
		B20000000000000000000007 /* NavigationBarView.swift in Sources */ = {isa = PBXBuildFile; fileRef = B10000000000000000000007 /* NavigationBarView.swift */; };
		B20000000000000000000008 /* DashboardView.swift in Sources */ = {isa = PBXBuildFile; fileRef = B10000000000000000000008 /* DashboardView.swift */; };
		B20000000000000000000009 /* SettingsPopoverView.swift in Sources */ = {isa = PBXBuildFile; fileRef = B10000000000000000000009 /* SettingsPopoverView.swift */; };
		B20000000000000000000010 /* ManagersView.swift in Sources */ = {isa = PBXBuildFile; fileRef = B10000000000000000000010 /* ManagersView.swift */; };
		B20000000000000000000011 /* OnboardingContainerView.swift in Sources */ = {isa = PBXBuildFile; fileRef = B10000000000000000000011 /* OnboardingContainerView.swift */; };
		B20000000000000000000012 /* OnboardingWelcomeView.swift in Sources */ = {isa = PBXBuildFile; fileRef = B10000000000000000000012 /* OnboardingWelcomeView.swift */; };
		B20000000000000000000013 /* OnboardingDetectionView.swift in Sources */ = {isa = PBXBuildFile; fileRef = B10000000000000000000013 /* OnboardingDetectionView.swift */; };
		B20000000000000000000014 /* OnboardingConfigureView.swift in Sources */ = {isa = PBXBuildFile; fileRef = B10000000000000000000014 /* OnboardingConfigureView.swift */; };
		D20000000000000000000010 /* OnboardingSettingsView.swift in Sources */ = {isa = PBXBuildFile; fileRef = D10000000000000000000010 /* OnboardingSettingsView.swift */; };
		B20000000000000000000015 /* LocalizationManager.swift in Sources */ = {isa = PBXBuildFile; fileRef = B10000000000000000000015 /* LocalizationManager.swift */; };
		B20000000000000000000016 /* String+Localization.swift in Sources */ = {isa = PBXBuildFile; fileRef = B10000000000000000000016 /* String+Localization.swift */; };
		B20000000000000000000017 /* L10n.swift in Sources */ = {isa = PBXBuildFile; fileRef = B10000000000000000000017 /* L10n.swift */; };
		C10000000000000000000001 /* UpgradePreviewPlanner.swift in Sources */ = {isa = PBXBuildFile; fileRef = C10000000000000000000003 /* UpgradePreviewPlanner.swift */; };
		C10000000000000000000002 /* UpgradePreviewPlannerTests.swift in Sources */ = {isa = PBXBuildFile; fileRef = C10000000000000000000005 /* UpgradePreviewPlannerTests.swift */; };
		C10000000000000000000018 /* UpgradePreviewPlanner.swift in Sources */ = {isa = PBXBuildFile; fileRef = C10000000000000000000003 /* UpgradePreviewPlanner.swift */; };
		C10000000000000000000019 /* LocalizationOverflowValidationTests.swift in Sources */ = {isa = PBXBuildFile; fileRef = C1000000000000000000001A /* LocalizationOverflowValidationTests.swift */; };
		D20000000000000000000001 /* ControlCenterModels.swift in Sources */ = {isa = PBXBuildFile; fileRef = D10000000000000000000001 /* ControlCenterModels.swift */; };
		D20000000000000000000002 /* HelmButtonStyles.swift in Sources */ = {isa = PBXBuildFile; fileRef = D10000000000000000000002 /* HelmButtonStyles.swift */; };
		D20000000000000000000003 /* ControlCenterViews.swift in Sources */ = {isa = PBXBuildFile; fileRef = D10000000000000000000003 /* ControlCenterViews.swift */; };
		D20000000000000000000004 /* HelmCore+Dashboard.swift in Sources */ = {isa = PBXBuildFile; fileRef = D10000000000000000000004 /* HelmCore+Dashboard.swift */; };
		D20000000000000000000005 /* HelmCore+Fetching.swift in Sources */ = {isa = PBXBuildFile; fileRef = D10000000000000000000005 /* HelmCore+Fetching.swift */; };
		D20000000000000000000006 /* HelmCore+Actions.swift in Sources */ = {isa = PBXBuildFile; fileRef = D10000000000000000000006 /* HelmCore+Actions.swift */; };
		D20000000000000000000007 /* HelmCore+Settings.swift in Sources */ = {isa = PBXBuildFile; fileRef = D10000000000000000000007 /* HelmCore+Settings.swift */; };
		D20000000000000000000008 /* WalkthroughState.swift in Sources */ = {isa = PBXBuildFile; fileRef = D10000000000000000000008 /* WalkthroughState.swift */; };
		D20000000000000000000009 /* SpotlightOverlay.swift in Sources */ = {isa = PBXBuildFile; fileRef = D10000000000000000000009 /* SpotlightOverlay.swift */; };
		E20000000000000000000001 /* InspectorViews.swift in Sources */ = {isa = PBXBuildFile; fileRef = E10000000000000000000001 /* InspectorViews.swift */; };
		F20000000000000000000001 /* PopoverHelpers.swift in Sources */ = {isa = PBXBuildFile; fileRef = F10000000000000000000001 /* PopoverHelpers.swift */; };
		F20000000000000000000002 /* PopoverOverlayViews.swift in Sources */ = {isa = PBXBuildFile; fileRef = F10000000000000000000002 /* PopoverOverlayViews.swift */; };
		F20000000000000000000003 /* ControlCenterSectionViews.swift in Sources */ = {isa = PBXBuildFile; fileRef = F10000000000000000000003 /* ControlCenterSectionViews.swift */; };
		G20000000000000000000001 /* L10n+App.swift in Sources */ = {isa = PBXBuildFile; fileRef = G10000000000000000000001 /* L10n+App.swift */; };
		G20000000000000000000002 /* AppDelegate+Windows.swift in Sources */ = {isa = PBXBuildFile; fileRef = G10000000000000000000002 /* AppDelegate+Windows.swift */; };
		G20000000000000000000003 /* AppDelegate+StatusBadge.swift in Sources */ = {isa = PBXBuildFile; fileRef = G10000000000000000000003 /* AppDelegate+StatusBadge.swift */; };
/* End PBXBuildFile section */

/* Begin PBXContainerItemProxy section */
		8CE1FDC92F3D2AD8000A3945 /* PBXContainerItemProxy */ = {
			isa = PBXContainerItemProxy;
			containerPortal = A10000080000000000000001 /* Project object */;
			proxyType = 1;
			remoteGlobalIDString = 8CE1FDBF2F3D2AD7000A3945;
			remoteInfo = HelmService;
		};
/* End PBXContainerItemProxy section */

/* Begin PBXCopyFilesBuildPhase section */
		8CE1FDCC2F3D2AD8000A3945 /* Embed XPC Services */ = {
			isa = PBXCopyFilesBuildPhase;
			buildActionMask = 2147483647;
			dstPath = "$(CONTENTS_FOLDER_PATH)/XPCServices";
			dstSubfolderSpec = 16;
			files = (
				8CE1FDCB2F3D2AD8000A3945 /* HelmService.xpc in Embed XPC Services */,
			);
			name = "Embed XPC Services";
			runOnlyForDeploymentPostprocessing = 0;
		};
/* End PBXCopyFilesBuildPhase section */

/* Begin PBXFileReference section */
		8CAE9C0B2F458B120075E1A3 /* HelmRelease.entitlements */ = {isa = PBXFileReference; lastKnownFileType = text.plist.entitlements; path = HelmRelease.entitlements; sourceTree = "<group>"; };
		8CAE9C0C2F458B120075E1A4 /* HelmServiceRelease.entitlements */ = {isa = PBXFileReference; lastKnownFileType = text.plist.entitlements; path = HelmServiceRelease.entitlements; sourceTree = "<group>"; };
		8CD965312F40F02800AE2AF5 /* Resources */ = {isa = PBXFileReference; lastKnownFileType = folder; path = Resources; sourceTree = "<group>"; };
		8CE1FDC02F3D2AD7000A3945 /* HelmService.xpc */ = {isa = PBXFileReference; explicitFileType = "wrapper.xpc-service"; includeInIndex = 0; path = HelmService.xpc; sourceTree = BUILT_PRODUCTS_DIR; };
		8CE1FDD12F3D2B84000A3945 /* HelmServiceProtocol.swift */ = {isa = PBXFileReference; fileEncoding = 4; lastKnownFileType = sourcecode.swift; path = HelmServiceProtocol.swift; sourceTree = "<group>"; };
		8CE1FDD52F3D2BA9000A3945 /* HelmService.swift */ = {isa = PBXFileReference; fileEncoding = 4; lastKnownFileType = sourcecode.swift; path = HelmService.swift; sourceTree = "<group>"; };
		8CE1FDD62F3D2BA9000A3945 /* main.swift */ = {isa = PBXFileReference; fileEncoding = 4; lastKnownFileType = sourcecode.swift; path = main.swift; sourceTree = "<group>"; };
		8CE1FDD72F3D2BA9000A3945 /* HelmServiceDelegate.swift */ = {isa = PBXFileReference; fileEncoding = 4; lastKnownFileType = sourcecode.swift; path = HelmServiceDelegate.swift; sourceTree = "<group>"; };
		8CE1FDDE2F3D3249000A3945 /* Info.plist */ = {isa = PBXFileReference; fileEncoding = 4; lastKnownFileType = text.plist.xml; name = Info.plist; path = "../../../service/macos-service/Info.plist"; sourceTree = "<group>"; };
		8CE1FDE02F3D3410000A3945 /* HelmService-Bridging-Header.h */ = {isa = PBXFileReference; fileEncoding = 4; lastKnownFileType = sourcecode.c.h; name = "HelmService-Bridging-Header.h"; path = "../../../service/macos-service/HelmService-Bridging-Header.h"; sourceTree = "<group>"; };
		8CFB6D482F3D1B24002372B8 /* libhelm_ffi.a */ = {isa = PBXFileReference; lastKnownFileType = archive.ar; name = libhelm_ffi.a; path = Generated/libhelm_ffi.a; sourceTree = "<group>"; };
		8CFB6D4B2F3D1D1D002372B8 /* HelmCore.swift */ = {isa = PBXFileReference; fileEncoding = 4; lastKnownFileType = sourcecode.swift; path = HelmCore.swift; sourceTree = "<group>"; };
		8CFB6D4D2F3D1D1D002372B8 /* TaskListView.swift */ = {isa = PBXFileReference; fileEncoding = 4; lastKnownFileType = sourcecode.swift; path = TaskListView.swift; sourceTree = "<group>"; };
		8CFB6D4E2F3D1D1D002372B8 /* PackageListView.swift */ = {isa = PBXFileReference; fileEncoding = 4; lastKnownFileType = sourcecode.swift; path = PackageListView.swift; sourceTree = "<group>"; };
		8CFB6D4F2F3D1D1D002372B8 /* Helm-Bridging-Header.h */ = {isa = PBXFileReference; fileEncoding = 4; lastKnownFileType = sourcecode.c.h; path = "Helm-Bridging-Header.h"; sourceTree = "<group>"; };
		8CFB6D552F3D1D1D002372B8 /* Package.swift */ = {isa = PBXFileReference; fileEncoding = 4; lastKnownFileType = sourcecode.swift; path = Package.swift; sourceTree = "<group>"; };
		8CFB6D562F3D1D1D002372B8 /* Task.swift */ = {isa = PBXFileReference; fileEncoding = 4; lastKnownFileType = sourcecode.swift; path = Task.swift; sourceTree = "<group>"; };
		A10000020000000000000001 /* HelmApp.swift */ = {isa = PBXFileReference; lastKnownFileType = sourcecode.swift; path = HelmApp.swift; sourceTree = "<group>"; };
		A10000020000000000000002 /* AppDelegate.swift */ = {isa = PBXFileReference; lastKnownFileType = sourcecode.swift; path = AppDelegate.swift; sourceTree = "<group>"; };
		A10000020000000000000003 /* Assets.xcassets */ = {isa = PBXFileReference; lastKnownFileType = folder.assetcatalog; path = Assets.xcassets; sourceTree = "<group>"; };
		A10000020000000000000004 /* Helm.entitlements */ = {isa = PBXFileReference; lastKnownFileType = text.plist.entitlements; path = Helm.entitlements; sourceTree = "<group>"; };
		A10000020000000000000005 /* Info.plist */ = {isa = PBXFileReference; lastKnownFileType = text.plist.xml; path = Info.plist; sourceTree = "<group>"; };
		A10000020000000000000006 /* Helm.app */ = {isa = PBXFileReference; explicitFileType = wrapper.application; includeInIndex = 0; path = Helm.app; sourceTree = BUILT_PRODUCTS_DIR; };
		A30000000000000000000001 /* HelmVersion.swift */ = {isa = PBXFileReference; lastKnownFileType = sourcecode.swift; name = HelmVersion.swift; path = Generated/HelmVersion.swift; sourceTree = SOURCE_ROOT; };
		A40000000000000000000001 /* HelmVersion.base.xcconfig */ = {isa = PBXFileReference; lastKnownFileType = text.xcconfig; name = HelmVersion.base.xcconfig; path = Config/HelmVersion.base.xcconfig; sourceTree = SOURCE_ROOT; };
		B10000000000000000000001 /* ManagerInfo.swift */ = {isa = PBXFileReference; lastKnownFileType = sourcecode.swift; path = ManagerInfo.swift; sourceTree = "<group>"; };
		B10000000000000000000002 /* LabeledContentRow.swift */ = {isa = PBXFileReference; lastKnownFileType = sourcecode.swift; path = LabeledContentRow.swift; sourceTree = "<group>"; };
		B10000000000000000000003 /* FilterButton.swift */ = {isa = PBXFileReference; lastKnownFileType = sourcecode.swift; path = FilterButton.swift; sourceTree = "<group>"; };
		B10000000000000000000004 /* ManagerItemView.swift */ = {isa = PBXFileReference; lastKnownFileType = sourcecode.swift; path = ManagerItemView.swift; sourceTree = "<group>"; };
		B10000000000000000000005 /* PackageRowView.swift */ = {isa = PBXFileReference; lastKnownFileType = sourcecode.swift; path = PackageRowView.swift; sourceTree = "<group>"; };
		B10000000000000000000006 /* TaskRowView.swift */ = {isa = PBXFileReference; lastKnownFileType = sourcecode.swift; path = TaskRowView.swift; sourceTree = "<group>"; };
		B10000000000000000000007 /* NavigationBarView.swift */ = {isa = PBXFileReference; lastKnownFileType = sourcecode.swift; path = NavigationBarView.swift; sourceTree = "<group>"; };
		B10000000000000000000008 /* DashboardView.swift */ = {isa = PBXFileReference; lastKnownFileType = sourcecode.swift; path = DashboardView.swift; sourceTree = "<group>"; };
		B10000000000000000000009 /* SettingsPopoverView.swift */ = {isa = PBXFileReference; lastKnownFileType = sourcecode.swift; path = SettingsPopoverView.swift; sourceTree = "<group>"; };
		B10000000000000000000010 /* ManagersView.swift */ = {isa = PBXFileReference; lastKnownFileType = sourcecode.swift; path = ManagersView.swift; sourceTree = "<group>"; };
		B10000000000000000000011 /* OnboardingContainerView.swift */ = {isa = PBXFileReference; lastKnownFileType = sourcecode.swift; path = OnboardingContainerView.swift; sourceTree = "<group>"; };
		B10000000000000000000012 /* OnboardingWelcomeView.swift */ = {isa = PBXFileReference; lastKnownFileType = sourcecode.swift; path = OnboardingWelcomeView.swift; sourceTree = "<group>"; };
		B10000000000000000000013 /* OnboardingDetectionView.swift */ = {isa = PBXFileReference; lastKnownFileType = sourcecode.swift; path = OnboardingDetectionView.swift; sourceTree = "<group>"; };
		B10000000000000000000014 /* OnboardingConfigureView.swift */ = {isa = PBXFileReference; lastKnownFileType = sourcecode.swift; path = OnboardingConfigureView.swift; sourceTree = "<group>"; };
		D10000000000000000000010 /* OnboardingSettingsView.swift */ = {isa = PBXFileReference; lastKnownFileType = sourcecode.swift; path = OnboardingSettingsView.swift; sourceTree = "<group>"; };
		B10000000000000000000015 /* LocalizationManager.swift */ = {isa = PBXFileReference; lastKnownFileType = sourcecode.swift; path = LocalizationManager.swift; sourceTree = "<group>"; };
		B10000000000000000000016 /* String+Localization.swift */ = {isa = PBXFileReference; lastKnownFileType = sourcecode.swift; path = "String+Localization.swift"; sourceTree = "<group>"; };
		B10000000000000000000017 /* L10n.swift */ = {isa = PBXFileReference; lastKnownFileType = sourcecode.swift; path = L10n.swift; sourceTree = "<group>"; };
		C10000000000000000000003 /* UpgradePreviewPlanner.swift */ = {isa = PBXFileReference; lastKnownFileType = sourcecode.swift; path = UpgradePreviewPlanner.swift; sourceTree = "<group>"; };
		C10000000000000000000004 /* HelmTests.xctest */ = {isa = PBXFileReference; explicitFileType = wrapper.cfbundle; includeInIndex = 0; path = HelmTests.xctest; sourceTree = BUILT_PRODUCTS_DIR; };
		C10000000000000000000005 /* UpgradePreviewPlannerTests.swift */ = {isa = PBXFileReference; lastKnownFileType = sourcecode.swift; path = UpgradePreviewPlannerTests.swift; sourceTree = "<group>"; };
		C1000000000000000000001A /* LocalizationOverflowValidationTests.swift */ = {isa = PBXFileReference; lastKnownFileType = sourcecode.swift; path = LocalizationOverflowValidationTests.swift; sourceTree = "<group>"; };
		D10000000000000000000001 /* ControlCenterModels.swift */ = {isa = PBXFileReference; lastKnownFileType = sourcecode.swift; path = ControlCenterModels.swift; sourceTree = "<group>"; };
		D10000000000000000000002 /* HelmButtonStyles.swift */ = {isa = PBXFileReference; lastKnownFileType = sourcecode.swift; path = HelmButtonStyles.swift; sourceTree = "<group>"; };
		D10000000000000000000003 /* ControlCenterViews.swift */ = {isa = PBXFileReference; lastKnownFileType = sourcecode.swift; path = ControlCenterViews.swift; sourceTree = "<group>"; };
		D10000000000000000000004 /* HelmCore+Dashboard.swift */ = {isa = PBXFileReference; lastKnownFileType = sourcecode.swift; path = "HelmCore+Dashboard.swift"; sourceTree = "<group>"; };
		D10000000000000000000005 /* HelmCore+Fetching.swift */ = {isa = PBXFileReference; lastKnownFileType = sourcecode.swift; path = "HelmCore+Fetching.swift"; sourceTree = "<group>"; };
		D10000000000000000000006 /* HelmCore+Actions.swift */ = {isa = PBXFileReference; lastKnownFileType = sourcecode.swift; path = "HelmCore+Actions.swift"; sourceTree = "<group>"; };
		D10000000000000000000007 /* HelmCore+Settings.swift */ = {isa = PBXFileReference; lastKnownFileType = sourcecode.swift; path = "HelmCore+Settings.swift"; sourceTree = "<group>"; };
		D10000000000000000000008 /* WalkthroughState.swift */ = {isa = PBXFileReference; lastKnownFileType = sourcecode.swift; path = WalkthroughState.swift; sourceTree = "<group>"; };
		D10000000000000000000009 /* SpotlightOverlay.swift */ = {isa = PBXFileReference; lastKnownFileType = sourcecode.swift; path = SpotlightOverlay.swift; sourceTree = "<group>"; };
		E10000000000000000000001 /* InspectorViews.swift */ = {isa = PBXFileReference; lastKnownFileType = sourcecode.swift; path = InspectorViews.swift; sourceTree = "<group>"; };
		F10000000000000000000001 /* PopoverHelpers.swift */ = {isa = PBXFileReference; lastKnownFileType = sourcecode.swift; path = PopoverHelpers.swift; sourceTree = "<group>"; };
		F10000000000000000000002 /* PopoverOverlayViews.swift */ = {isa = PBXFileReference; lastKnownFileType = sourcecode.swift; path = PopoverOverlayViews.swift; sourceTree = "<group>"; };
		F10000000000000000000003 /* ControlCenterSectionViews.swift */ = {isa = PBXFileReference; lastKnownFileType = sourcecode.swift; path = ControlCenterSectionViews.swift; sourceTree = "<group>"; };
		G10000000000000000000001 /* L10n+App.swift */ = {isa = PBXFileReference; lastKnownFileType = sourcecode.swift; path = "L10n+App.swift"; sourceTree = "<group>"; };
		G10000000000000000000002 /* AppDelegate+Windows.swift */ = {isa = PBXFileReference; lastKnownFileType = sourcecode.swift; path = "AppDelegate+Windows.swift"; sourceTree = "<group>"; };
		G10000000000000000000003 /* AppDelegate+StatusBadge.swift */ = {isa = PBXFileReference; lastKnownFileType = sourcecode.swift; path = "AppDelegate+StatusBadge.swift"; sourceTree = "<group>"; };
/* End PBXFileReference section */

/* Begin PBXFrameworksBuildPhase section */
		8CE1FDBD2F3D2AD7000A3945 /* Frameworks */ = {
			isa = PBXFrameworksBuildPhase;
			buildActionMask = 2147483647;
			files = (
				8CE1FDDD2F3D2DA7000A3945 /* libhelm_ffi.a in Frameworks */,
			);
			runOnlyForDeploymentPostprocessing = 0;
		};
		A10000030000000000000001 /* Frameworks */ = {
			isa = PBXFrameworksBuildPhase;
			buildActionMask = 2147483647;
			files = (
			);
			runOnlyForDeploymentPostprocessing = 0;
		};
		C10000000000000000000007 /* Frameworks */ = {
			isa = PBXFrameworksBuildPhase;
			buildActionMask = 2147483647;
			files = (
			);
			runOnlyForDeploymentPostprocessing = 0;
		};
/* End PBXFrameworksBuildPhase section */

/* Begin PBXGroup section */
		8CE1FDC12F3D2AD7000A3945 /* HelmService */ = {
			isa = PBXGroup;
			children = (
				8CE1FDE02F3D3410000A3945 /* HelmService-Bridging-Header.h */,
				8CE1FDD42F3D2BA9000A3945 /* Sources */,
				8CE1FDDE2F3D3249000A3945 /* Info.plist */,
			);
			path = HelmService;
			sourceTree = "<group>";
		};
		8CE1FDD02F3D2B84000A3945 /* Shared */ = {
			isa = PBXGroup;
			children = (
				8CE1FDD12F3D2B84000A3945 /* HelmServiceProtocol.swift */,
			);
			path = Shared;
			sourceTree = "<group>";
		};
		8CE1FDD42F3D2BA9000A3945 /* Sources */ = {
			isa = PBXGroup;
			children = (
				8CE1FDD52F3D2BA9000A3945 /* HelmService.swift */,
				8CE1FDD62F3D2BA9000A3945 /* main.swift */,
				8CE1FDD72F3D2BA9000A3945 /* HelmServiceDelegate.swift */,
			);
			path = Sources;
			sourceTree = "<group>";
		};
		8CEC4C9B2F3DA4B500CA3470 /* Recovered References */ = {
			isa = PBXGroup;
			children = (
				A40000000000000000000001 /* HelmVersion.base.xcconfig */,
			);
			name = "Recovered References";
			sourceTree = "<group>";
		};
		8CFB6D472F3D1B24002372B8 /* Frameworks */ = {
			isa = PBXGroup;
			children = (
				8CFB6D482F3D1B24002372B8 /* libhelm_ffi.a */,
			);
			name = Frameworks;
			sourceTree = "<group>";
		};
		8CFB6D4A2F3D1D1D002372B8 /* Core */ = {
			isa = PBXGroup;
			children = (
				8CFB6D4B2F3D1D1D002372B8 /* HelmCore.swift */,
				D10000000000000000000006 /* HelmCore+Actions.swift */,
				D10000000000000000000004 /* HelmCore+Dashboard.swift */,
				D10000000000000000000005 /* HelmCore+Fetching.swift */,
				D10000000000000000000007 /* HelmCore+Settings.swift */,
				C10000000000000000000003 /* UpgradePreviewPlanner.swift */,
				B10000000000000000000015 /* LocalizationManager.swift */,
				B10000000000000000000016 /* String+Localization.swift */,
				B10000000000000000000017 /* L10n.swift */,
				G10000000000000000000001 /* L10n+App.swift */,
			);
			path = Core;
			sourceTree = "<group>";
		};
		8CFB6D4C2F3D1D1D002372B8 /* Views */ = {
			isa = PBXGroup;
			children = (
				B30000000000000000000001 /* Components */,
				B30000000000000000000002 /* Onboarding */,
				B30000000000000000000003 /* Walkthrough */,
				D10000000000000000000001 /* ControlCenterModels.swift */,
				D10000000000000000000003 /* ControlCenterViews.swift */,
				F10000000000000000000003 /* ControlCenterSectionViews.swift */,
				B10000000000000000000008 /* DashboardView.swift */,
				E10000000000000000000001 /* InspectorViews.swift */,
				F10000000000000000000001 /* PopoverHelpers.swift */,
				F10000000000000000000002 /* PopoverOverlayViews.swift */,
				B10000000000000000000010 /* ManagersView.swift */,
				B10000000000000000000007 /* NavigationBarView.swift */,
				8CFB6D4E2F3D1D1D002372B8 /* PackageListView.swift */,
				B10000000000000000000009 /* SettingsPopoverView.swift */,
				8CFB6D4D2F3D1D1D002372B8 /* TaskListView.swift */,
			);
			path = Views;
			sourceTree = "<group>";
		};
		8CFB6D502F3D1D1D002372B8 /* Models */ = {
			isa = PBXGroup;
			children = (
				8CFB6D512F3D1D1D002372B8 /* .build */,
				B10000000000000000000001 /* ManagerInfo.swift */,
				8CFB6D552F3D1D1D002372B8 /* Package.swift */,
				8CFB6D562F3D1D1D002372B8 /* Task.swift */,
			);
			path = Models;
			sourceTree = "<group>";
		};
		8CFB6D512F3D1D1D002372B8 /* .build */ = {
			isa = PBXGroup;
			children = (
				8CFB6D522F3D1D1D002372B8 /* artifacts */,
				8CFB6D532F3D1D1D002372B8 /* checkouts */,
				8CFB6D542F3D1D1D002372B8 /* repositories */,
			);
			path = .build;
			sourceTree = "<group>";
		};
		8CFB6D522F3D1D1D002372B8 /* artifacts */ = {
			isa = PBXGroup;
			children = (
			);
			path = artifacts;
			sourceTree = "<group>";
		};
		8CFB6D532F3D1D1D002372B8 /* checkouts */ = {
			isa = PBXGroup;
			children = (
			);
			path = checkouts;
			sourceTree = "<group>";
		};
		8CFB6D542F3D1D1D002372B8 /* repositories */ = {
			isa = PBXGroup;
			children = (
			);
			path = repositories;
			sourceTree = "<group>";
		};
		A10000040000000000000001 = {
			isa = PBXGroup;
			children = (
				A10000040000000000000002 /* Helm */,
				C10000000000000000000006 /* HelmTests */,
				8CE1FDC12F3D2AD7000A3945 /* HelmService */,
				A10000040000000000000003 /* Products */,
				8CFB6D472F3D1B24002372B8 /* Frameworks */,
				8CEC4C9B2F3DA4B500CA3470 /* Recovered References */,
			);
			sourceTree = "<group>";
		};
		A10000040000000000000002 /* Helm */ = {
			isa = PBXGroup;
			children = (
				8CAE9C0B2F458B120075E1A3 /* HelmRelease.entitlements */,
				8CAE9C0C2F458B120075E1A4 /* HelmServiceRelease.entitlements */,
				8CD965312F40F02800AE2AF5 /* Resources */,
				8CE1FDD02F3D2B84000A3945 /* Shared */,
				8CFB6D4A2F3D1D1D002372B8 /* Core */,
				8CFB6D4F2F3D1D1D002372B8 /* Helm-Bridging-Header.h */,
				8CFB6D502F3D1D1D002372B8 /* Models */,
				8CFB6D4C2F3D1D1D002372B8 /* Views */,
				A10000020000000000000001 /* HelmApp.swift */,
				A10000020000000000000002 /* AppDelegate.swift */,
				G10000000000000000000002 /* AppDelegate+Windows.swift */,
				G10000000000000000000003 /* AppDelegate+StatusBadge.swift */,
				A30000000000000000000001 /* HelmVersion.swift */,
				A10000020000000000000003 /* Assets.xcassets */,
				A10000020000000000000004 /* Helm.entitlements */,
				A10000020000000000000005 /* Info.plist */,
			);
			path = Helm;
			sourceTree = "<group>";
		};
		A10000040000000000000003 /* Products */ = {
			isa = PBXGroup;
			children = (
				A10000020000000000000006 /* Helm.app */,
				8CE1FDC02F3D2AD7000A3945 /* HelmService.xpc */,
				C10000000000000000000004 /* HelmTests.xctest */,
			);
			name = Products;
			sourceTree = "<group>";
		};
		B30000000000000000000001 /* Components */ = {
			isa = PBXGroup;
			children = (
				B10000000000000000000003 /* FilterButton.swift */,
				D10000000000000000000002 /* HelmButtonStyles.swift */,
				B10000000000000000000002 /* LabeledContentRow.swift */,
				B10000000000000000000004 /* ManagerItemView.swift */,
				B10000000000000000000005 /* PackageRowView.swift */,
				B10000000000000000000006 /* TaskRowView.swift */,
			);
			path = Components;
			sourceTree = "<group>";
		};
		B30000000000000000000002 /* Onboarding */ = {
			isa = PBXGroup;
			children = (
				B10000000000000000000011 /* OnboardingContainerView.swift */,
				B10000000000000000000014 /* OnboardingConfigureView.swift */,
				D10000000000000000000010 /* OnboardingSettingsView.swift */,
				B10000000000000000000013 /* OnboardingDetectionView.swift */,
				B10000000000000000000012 /* OnboardingWelcomeView.swift */,
			);
			path = Onboarding;
			sourceTree = "<group>";
		};
		B30000000000000000000003 /* Walkthrough */ = {
			isa = PBXGroup;
			children = (
				D10000000000000000000009 /* SpotlightOverlay.swift */,
				D10000000000000000000008 /* WalkthroughState.swift */,
			);
			path = Walkthrough;
			sourceTree = "<group>";
		};
		C10000000000000000000006 /* HelmTests */ = {
			isa = PBXGroup;
			children = (
				C1000000000000000000001A /* LocalizationOverflowValidationTests.swift */,
				C10000000000000000000005 /* UpgradePreviewPlannerTests.swift */,
			);
			path = HelmTests;
			sourceTree = "<group>";
		};
/* End PBXGroup section */

/* Begin PBXNativeTarget section */
		8CE1FDBF2F3D2AD7000A3945 /* HelmService */ = {
			isa = PBXNativeTarget;
			buildConfigurationList = 8CE1FDCF2F3D2AD8000A3945 /* Build configuration list for PBXNativeTarget "HelmService" */;
			buildPhases = (
				8CE1FDDC2F3D2D41000A3945 /* Build Rust Core */,
				8CE1FDBC2F3D2AD7000A3945 /* Sources */,
				8CE1FDBD2F3D2AD7000A3945 /* Frameworks */,
				8CE1FDBE2F3D2AD7000A3945 /* Resources */,
			);
			buildRules = (
			);
			dependencies = (
			);
			name = HelmService;
			productName = HelmService;
			productReference = 8CE1FDC02F3D2AD7000A3945 /* HelmService.xpc */;
			productType = "com.apple.product-type.xpc-service";
		};
		A10000050000000000000001 /* Helm */ = {
			isa = PBXNativeTarget;
			buildConfigurationList = A10000070000000000000002 /* Build configuration list for PBXNativeTarget "Helm" */;
			buildPhases = (
				A10000060000000000000001 /* Sources */,
				A10000030000000000000001 /* Frameworks */,
				A10000060000000000000002 /* Resources */,
				8CE1FDCC2F3D2AD8000A3945 /* Embed XPC Services */,
			);
			buildRules = (
			);
			dependencies = (
				8CE1FDCA2F3D2AD8000A3945 /* PBXTargetDependency */,
			);
			name = Helm;
			productName = Helm;
			productReference = A10000020000000000000006 /* Helm.app */;
			productType = "com.apple.product-type.application";
		};
		C10000000000000000000009 /* HelmTests */ = {
			isa = PBXNativeTarget;
			buildConfigurationList = C10000000000000000000010 /* Build configuration list for PBXNativeTarget "HelmTests" */;
			buildPhases = (
				C10000000000000000000008 /* Sources */,
				C10000000000000000000007 /* Frameworks */,
				C10000000000000000000016 /* Resources */,
			);
			buildRules = (
			);
			dependencies = (
			);
			name = HelmTests;
			productName = HelmTests;
			productReference = C10000000000000000000004 /* HelmTests.xctest */;
			productType = "com.apple.product-type.bundle.unit-test";
		};
/* End PBXNativeTarget section */

/* Begin PBXProject section */
		A10000080000000000000001 /* Project object */ = {
			isa = PBXProject;
			attributes = {
				BuildIndependentTargetsInParallel = 1;
				LastSwiftUpdateCheck = 1420;
				LastUpgradeCheck = 1420;
				TargetAttributes = {
					8CE1FDBF2F3D2AD7000A3945 = {
						CreatedOnToolsVersion = 14.2;
					};
					A10000050000000000000001 = {
						CreatedOnToolsVersion = 14.0;
					};
					C10000000000000000000009 = {
						CreatedOnToolsVersion = 14.0;
					};
				};
			};
			buildConfigurationList = A10000070000000000000001 /* Build configuration list for PBXProject "Helm" */;
			compatibilityVersion = "Xcode 14.0";
			developmentRegion = en;
			hasScannedForEncodings = 0;
			knownRegions = (
				en,
				Base,
			);
			mainGroup = A10000040000000000000001;
			productRefGroup = A10000040000000000000003 /* Products */;
			projectDirPath = "";
			projectRoot = "";
			targets = (
				A10000050000000000000001 /* Helm */,
				8CE1FDBF2F3D2AD7000A3945 /* HelmService */,
				C10000000000000000000009 /* HelmTests */,
			);
		};
/* End PBXProject section */

/* Begin PBXResourcesBuildPhase section */
		8CE1FDBE2F3D2AD7000A3945 /* Resources */ = {
			isa = PBXResourcesBuildPhase;
			buildActionMask = 2147483647;
			files = (
			);
			runOnlyForDeploymentPostprocessing = 0;
		};
		A10000060000000000000002 /* Resources */ = {
			isa = PBXResourcesBuildPhase;
			buildActionMask = 2147483647;
			files = (
				8CD965322F40F02800AE2AF5 /* Resources in Resources */,
				A10000010000000000000003 /* Assets.xcassets in Resources */,
			);
			runOnlyForDeploymentPostprocessing = 0;
		};
		C10000000000000000000016 /* Resources */ = {
			isa = PBXResourcesBuildPhase;
			buildActionMask = 2147483647;
			files = (
			);
			runOnlyForDeploymentPostprocessing = 0;
		};
/* End PBXResourcesBuildPhase section */

/* Begin PBXShellScriptBuildPhase section */
		8CE1FDDC2F3D2D41000A3945 /* Build Rust Core */ = {
			isa = PBXShellScriptBuildPhase;
			alwaysOutOfDate = 1;
			buildActionMask = 2147483647;
			files = (
			);
			inputFileListPaths = (
			);
			inputPaths = (
			);
			name = "Build Rust Core";
			outputFileListPaths = (
			);
			outputPaths = (
				"$(SRCROOT)/Generated/HelmVersion.swift",
				"$(SRCROOT)/Generated/HelmVersion.xcconfig",
				"$(SRCROOT)/Generated/libhelm_ffi.a",
				"$(SRCROOT)/Generated/helm.h",
			);
			runOnlyForDeploymentPostprocessing = 0;
			shellPath = /bin/sh;
			shellScript = "$SRCROOT/scripts/build_rust.sh\n";
		};
/* End PBXShellScriptBuildPhase section */

/* Begin PBXSourcesBuildPhase section */
		8CE1FDBC2F3D2AD7000A3945 /* Sources */ = {
			isa = PBXSourcesBuildPhase;
			buildActionMask = 2147483647;
			files = (
				8CE1FDD32F3D2B84000A3945 /* HelmServiceProtocol.swift in Sources */,
				8CE1FDD92F3D2BAA000A3945 /* main.swift in Sources */,
				8CE1FDDA2F3D2BAA000A3945 /* HelmServiceDelegate.swift in Sources */,
				8CE1FDD82F3D2BAA000A3945 /* HelmService.swift in Sources */,
			);
			runOnlyForDeploymentPostprocessing = 0;
		};
		A10000060000000000000001 /* Sources */ = {
			isa = PBXSourcesBuildPhase;
			buildActionMask = 2147483647;
			files = (
				8CFB6D5A2F3D1D1D002372B8 /* Package.swift in Sources */,
				8CFB6D572F3D1D1D002372B8 /* HelmCore.swift in Sources */,
				C10000000000000000000001 /* UpgradePreviewPlanner.swift in Sources */,
				B20000000000000000000015 /* LocalizationManager.swift in Sources */,
				B20000000000000000000016 /* String+Localization.swift in Sources */,
				B20000000000000000000017 /* L10n.swift in Sources */,
				A10000010000000000000001 /* HelmApp.swift in Sources */,
				8CFB6D592F3D1D1D002372B8 /* PackageListView.swift in Sources */,
				A10000010000000000000002 /* AppDelegate.swift in Sources */,
				8CE1FDD22F3D2B84000A3945 /* HelmServiceProtocol.swift in Sources */,
				A30000000000000000000002 /* HelmVersion.swift in Sources */,
				8CFB6D5B2F3D1D1D002372B8 /* Task.swift in Sources */,
				8CFB6D582F3D1D1D002372B8 /* TaskListView.swift in Sources */,
				B20000000000000000000001 /* ManagerInfo.swift in Sources */,
				B20000000000000000000002 /* LabeledContentRow.swift in Sources */,
				B20000000000000000000003 /* FilterButton.swift in Sources */,
				B20000000000000000000004 /* ManagerItemView.swift in Sources */,
				B20000000000000000000005 /* PackageRowView.swift in Sources */,
				B20000000000000000000006 /* TaskRowView.swift in Sources */,
				B20000000000000000000007 /* NavigationBarView.swift in Sources */,
				B20000000000000000000008 /* DashboardView.swift in Sources */,
				B20000000000000000000009 /* SettingsPopoverView.swift in Sources */,
				B20000000000000000000010 /* ManagersView.swift in Sources */,
				B20000000000000000000011 /* OnboardingContainerView.swift in Sources */,
				B20000000000000000000012 /* OnboardingWelcomeView.swift in Sources */,
				B20000000000000000000013 /* OnboardingDetectionView.swift in Sources */,
				B20000000000000000000014 /* OnboardingConfigureView.swift in Sources */,
				D20000000000000000000010 /* OnboardingSettingsView.swift in Sources */,
				D20000000000000000000001 /* ControlCenterModels.swift in Sources */,
				D20000000000000000000002 /* HelmButtonStyles.swift in Sources */,
				D20000000000000000000003 /* ControlCenterViews.swift in Sources */,
				D20000000000000000000004 /* HelmCore+Dashboard.swift in Sources */,
				D20000000000000000000005 /* HelmCore+Fetching.swift in Sources */,
				D20000000000000000000006 /* HelmCore+Actions.swift in Sources */,
				D20000000000000000000007 /* HelmCore+Settings.swift in Sources */,
				D20000000000000000000008 /* WalkthroughState.swift in Sources */,
				D20000000000000000000009 /* SpotlightOverlay.swift in Sources */,
				E20000000000000000000001 /* InspectorViews.swift in Sources */,
				F20000000000000000000001 /* PopoverHelpers.swift in Sources */,
				F20000000000000000000002 /* PopoverOverlayViews.swift in Sources */,
				F20000000000000000000003 /* ControlCenterSectionViews.swift in Sources */,
				G20000000000000000000001 /* L10n+App.swift in Sources */,
				G20000000000000000000002 /* AppDelegate+Windows.swift in Sources */,
				G20000000000000000000003 /* AppDelegate+StatusBadge.swift in Sources */,
			);
			runOnlyForDeploymentPostprocessing = 0;
		};
		C10000000000000000000008 /* Sources */ = {
			isa = PBXSourcesBuildPhase;
			buildActionMask = 2147483647;
			files = (
				C10000000000000000000019 /* LocalizationOverflowValidationTests.swift in Sources */,
				C10000000000000000000018 /* UpgradePreviewPlanner.swift in Sources */,
				C10000000000000000000002 /* UpgradePreviewPlannerTests.swift in Sources */,
			);
			runOnlyForDeploymentPostprocessing = 0;
		};
/* End PBXSourcesBuildPhase section */

/* Begin PBXTargetDependency section */
		8CE1FDCA2F3D2AD8000A3945 /* PBXTargetDependency */ = {
			isa = PBXTargetDependency;
			target = 8CE1FDBF2F3D2AD7000A3945 /* HelmService */;
			targetProxy = 8CE1FDC92F3D2AD8000A3945 /* PBXContainerItemProxy */;
		};
/* End PBXTargetDependency section */

/* Begin XCBuildConfiguration section */
		8CE1FDCD2F3D2AD8000A3945 /* Debug */ = {
			isa = XCBuildConfiguration;
			baseConfigurationReference = A40000000000000000000001 /* HelmVersion.base.xcconfig */;
			buildSettings = {
				CODE_SIGN_IDENTITY = "Apple Development";
				"CODE_SIGN_IDENTITY[sdk=macosx*]" = "-";
				CODE_SIGN_STYLE = Automatic;
				COMBINE_HIDPI_IMAGES = YES;
				DEAD_CODE_STRIPPING = YES;
				DEVELOPMENT_TEAM = "";
				ENABLE_HARDENED_RUNTIME = YES;
				GENERATE_INFOPLIST_FILE = YES;
				HEADER_SEARCH_PATHS = "$(SRCROOT)/Generated";
				INFOPLIST_FILE = "$(PROJECT_DIR)/../../service/macos-service/Info.plist";
				INFOPLIST_KEY_CFBundleDisplayName = HelmService;
				INFOPLIST_KEY_NSHumanReadableCopyright = "";
				LIBRARY_SEARCH_PATHS = (
					"$(SRCROOT)/Generated",
					"$(PROJECT_DIR)/Generated",
				);
				MACOSX_DEPLOYMENT_TARGET = 12.0;
				PRODUCT_BUNDLE_IDENTIFIER = app.jasoncavinder.Helm.HelmService;
				PRODUCT_NAME = "$(TARGET_NAME)";
				PROVISIONING_PROFILE_SPECIFIER = "";
				SKIP_INSTALL = YES;
				SWIFT_EMIT_LOC_STRINGS = YES;
				SWIFT_OBJC_BRIDGING_HEADER = "$(PROJECT_DIR)/../../service/macos-service/HelmService-Bridging-Header.h";
				SWIFT_VERSION = 5.0;
			};
			name = Debug;
		};
		8CE1FDCE2F3D2AD8000A3945 /* Release */ = {
			isa = XCBuildConfiguration;
			baseConfigurationReference = A40000000000000000000001 /* HelmVersion.base.xcconfig */;
			buildSettings = {
				CODE_SIGN_ENTITLEMENTS = Helm/HelmServiceRelease.entitlements;
				CODE_SIGN_IDENTITY = "-";
				"CODE_SIGN_IDENTITY[sdk=macosx*]" = "Developer ID Application";
				CODE_SIGN_INJECT_BASE_ENTITLEMENTS = NO;
				CODE_SIGN_STYLE = Manual;
				COMBINE_HIDPI_IMAGES = YES;
				DEAD_CODE_STRIPPING = YES;
				DEVELOPMENT_TEAM = "";
				"DEVELOPMENT_TEAM[sdk=macosx*]" = V73WPJR9M4;
				ENABLE_HARDENED_RUNTIME = YES;
				OTHER_CODE_SIGN_FLAGS = "--timestamp";
				GENERATE_INFOPLIST_FILE = YES;
				HEADER_SEARCH_PATHS = "$(SRCROOT)/Generated";
				INFOPLIST_FILE = "$(PROJECT_DIR)/../../service/macos-service/Info.plist";
				INFOPLIST_KEY_CFBundleDisplayName = HelmService;
				INFOPLIST_KEY_NSHumanReadableCopyright = "";
				LIBRARY_SEARCH_PATHS = (
					"$(SRCROOT)/Generated",
					"$(PROJECT_DIR)/Generated",
				);
				MACOSX_DEPLOYMENT_TARGET = 12.0;
				PRODUCT_BUNDLE_IDENTIFIER = app.jasoncavinder.Helm.HelmService;
				PRODUCT_NAME = "$(TARGET_NAME)";
				PROVISIONING_PROFILE_SPECIFIER = "";
				SKIP_INSTALL = YES;
				SWIFT_EMIT_LOC_STRINGS = YES;
				SWIFT_OBJC_BRIDGING_HEADER = "$(PROJECT_DIR)/../../service/macos-service/HelmService-Bridging-Header.h";
				SWIFT_VERSION = 5.0;
			};
			name = Release;
		};
		A10000090000000000000001 /* Debug */ = {
			isa = XCBuildConfiguration;
			buildSettings = {
				ALWAYS_SEARCH_USER_PATHS = NO;
				ARCHS = "$(ARCHS_STANDARD)";
				CLANG_ANALYZER_NONNULL = YES;
				CLANG_ANALYZER_NUMBER_OBJECT_CONVERSION = YES_AGGRESSIVE;
				CLANG_CXX_LANGUAGE_STANDARD = "gnu++20";
				CLANG_ENABLE_MODULES = YES;
				CLANG_ENABLE_OBJC_ARC = YES;
				CLANG_ENABLE_OBJC_WEAK = YES;
				CLANG_WARN_BLOCK_CAPTURE_AUTORELEASING = YES;
				CLANG_WARN_BOOL_CONVERSION = YES;
				CLANG_WARN_COMMA = YES;
				CLANG_WARN_CONSTANT_CONVERSION = YES;
				CLANG_WARN_DEPRECATED_OBJC_IMPLEMENTATIONS = YES;
				CLANG_WARN_DIRECT_OBJC_ISA_USAGE = YES_ERROR;
				CLANG_WARN_DOCUMENTATION_COMMENTS = YES;
				CLANG_WARN_EMPTY_BODY = YES;
				CLANG_WARN_ENUM_CONVERSION = YES;
				CLANG_WARN_INFINITE_RECURSION = YES;
				CLANG_WARN_INT_CONVERSION = YES;
				CLANG_WARN_NON_LITERAL_NULL_CONVERSION = YES;
				CLANG_WARN_OBJC_IMPLICIT_RETAIN_SELF = YES;
				CLANG_WARN_OBJC_LITERAL_CONVERSION = YES;
				CLANG_WARN_OBJC_ROOT_CLASS = YES_ERROR;
				CLANG_WARN_QUOTED_INCLUDE_IN_FRAMEWORK_HEADER = YES;
				CLANG_WARN_RANGE_LOOP_ANALYSIS = YES;
				CLANG_WARN_STRICT_PROTOTYPES = YES;
				CLANG_WARN_SUSPICIOUS_MOVE = YES;
				CLANG_WARN_UNGUARDED_AVAILABILITY = YES_AGGRESSIVE;
				CLANG_WARN_UNREACHABLE_CODE = YES;
				CLANG_WARN__DUPLICATE_METHOD_MATCH = YES;
				COPY_PHASE_STRIP = NO;
				DEAD_CODE_STRIPPING = YES;
				DEBUG_INFORMATION_FORMAT = dwarf;
				ENABLE_STRICT_OBJC_MSGSEND = YES;
				ENABLE_TESTABILITY = YES;
				GCC_C_LANGUAGE_STANDARD = gnu11;
				GCC_DYNAMIC_NO_PIC = NO;
				GCC_NO_COMMON_BLOCKS = YES;
				GCC_OPTIMIZATION_LEVEL = 0;
				GCC_PREPROCESSOR_DEFINITIONS = (
					"DEBUG=1",
					"$(inherited)",
				);
				GCC_WARN_64_TO_32_BIT_CONVERSION = YES;
				GCC_WARN_ABOUT_RETURN_TYPE = YES_ERROR;
				GCC_WARN_UNDECLARED_SELECTOR = YES;
				GCC_WARN_UNINITIALIZED_AUTOS = YES_AGGRESSIVE;
				GCC_WARN_UNUSED_FUNCTION = YES;
				GCC_WARN_UNUSED_VARIABLE = YES;
				HEADER_SEARCH_PATHS = "";
				LIBRARY_SEARCH_PATHS = "";
				MACOSX_DEPLOYMENT_TARGET = 12.0;
				MTL_ENABLE_DEBUG_INFO = INCLUDE_SOURCE;
				MTL_FAST_MATH = YES;
				ONLY_ACTIVE_ARCH = YES;
				SDKROOT = macosx;
				SWIFT_ACTIVE_COMPILATION_CONDITIONS = DEBUG;
				SWIFT_OBJC_BRIDGING_HEADER = "";
				SWIFT_OPTIMIZATION_LEVEL = "-Onone";
			};
			name = Debug;
		};
		A10000090000000000000002 /* Release */ = {
			isa = XCBuildConfiguration;
			buildSettings = {
				ALWAYS_SEARCH_USER_PATHS = NO;
				ARCHS = "$(ARCHS_STANDARD)";
				CLANG_ANALYZER_NONNULL = YES;
				CLANG_ANALYZER_NUMBER_OBJECT_CONVERSION = YES_AGGRESSIVE;
				CLANG_CXX_LANGUAGE_STANDARD = "gnu++20";
				CLANG_ENABLE_MODULES = YES;
				CLANG_ENABLE_OBJC_ARC = YES;
				CLANG_ENABLE_OBJC_WEAK = YES;
				CLANG_WARN_BLOCK_CAPTURE_AUTORELEASING = YES;
				CLANG_WARN_BOOL_CONVERSION = YES;
				CLANG_WARN_COMMA = YES;
				CLANG_WARN_CONSTANT_CONVERSION = YES;
				CLANG_WARN_DEPRECATED_OBJC_IMPLEMENTATIONS = YES;
				CLANG_WARN_DIRECT_OBJC_ISA_USAGE = YES_ERROR;
				CLANG_WARN_DOCUMENTATION_COMMENTS = YES;
				CLANG_WARN_EMPTY_BODY = YES;
				CLANG_WARN_ENUM_CONVERSION = YES;
				CLANG_WARN_INFINITE_RECURSION = YES;
				CLANG_WARN_INT_CONVERSION = YES;
				CLANG_WARN_NON_LITERAL_NULL_CONVERSION = YES;
				CLANG_WARN_OBJC_IMPLICIT_RETAIN_SELF = YES;
				CLANG_WARN_OBJC_LITERAL_CONVERSION = YES;
				CLANG_WARN_OBJC_ROOT_CLASS = YES_ERROR;
				CLANG_WARN_QUOTED_INCLUDE_IN_FRAMEWORK_HEADER = YES;
				CLANG_WARN_RANGE_LOOP_ANALYSIS = YES;
				CLANG_WARN_STRICT_PROTOTYPES = YES;
				CLANG_WARN_SUSPICIOUS_MOVE = YES;
				CLANG_WARN_UNGUARDED_AVAILABILITY = YES_AGGRESSIVE;
				CLANG_WARN_UNREACHABLE_CODE = YES;
				CLANG_WARN__DUPLICATE_METHOD_MATCH = YES;
				COPY_PHASE_STRIP = NO;
				DEAD_CODE_STRIPPING = YES;
				DEBUG_INFORMATION_FORMAT = "dwarf-with-dsym";
				ENABLE_NS_ASSERTIONS = NO;
				ENABLE_STRICT_OBJC_MSGSEND = YES;
				GCC_C_LANGUAGE_STANDARD = gnu11;
				GCC_NO_COMMON_BLOCKS = YES;
				GCC_WARN_64_TO_32_BIT_CONVERSION = YES;
				GCC_WARN_ABOUT_RETURN_TYPE = YES_ERROR;
				GCC_WARN_UNDECLARED_SELECTOR = YES;
				GCC_WARN_UNINITIALIZED_AUTOS = YES_AGGRESSIVE;
				GCC_WARN_UNUSED_FUNCTION = YES;
				GCC_WARN_UNUSED_VARIABLE = YES;
				HEADER_SEARCH_PATHS = "";
				LIBRARY_SEARCH_PATHS = "";
				MACOSX_DEPLOYMENT_TARGET = 12.0;
				MTL_ENABLE_DEBUG_INFO = NO;
				MTL_FAST_MATH = YES;
				SDKROOT = macosx;
				SWIFT_COMPILATION_MODE = wholemodule;
				SWIFT_OBJC_BRIDGING_HEADER = "";
				SWIFT_OPTIMIZATION_LEVEL = "-O";
			};
			name = Release;
		};
		A10000090000000000000003 /* Debug */ = {
			isa = XCBuildConfiguration;
			baseConfigurationReference = A40000000000000000000001 /* HelmVersion.base.xcconfig */;
			buildSettings = {
				ALWAYS_EMBED_SWIFT_STANDARD_LIBRARIES = YES;
				ASSETCATALOG_COMPILER_APPICON_NAME = AppIcon;
				ASSETCATALOG_COMPILER_GLOBAL_ACCENT_COLOR_NAME = AccentColor;
				CODE_SIGN_ENTITLEMENTS = Helm/Helm.entitlements;
				CODE_SIGN_IDENTITY = "-";
				"CODE_SIGN_IDENTITY[sdk=macosx*]" = "Developer ID Application";
				CODE_SIGN_STYLE = Manual;
				COMBINE_HIDPI_IMAGES = YES;
				DEAD_CODE_STRIPPING = YES;
				DEVELOPMENT_TEAM = "";
				"DEVELOPMENT_TEAM[sdk=macosx*]" = V73WPJR9M4;
				GENERATE_INFOPLIST_FILE = YES;
				INFOPLIST_FILE = Helm/Info.plist;
				INFOPLIST_KEY_NSHumanReadableCopyright = "";
				INFOPLIST_KEY_NSMainStoryboardFile = "";
				INFOPLIST_KEY_NSPrincipalClass = NSApplication;
				LD_RUNPATH_SEARCH_PATHS = (
					"$(inherited)",
					"@executable_path/../Frameworks",
				);
				LIBRARY_SEARCH_PATHS = (
					"$(inherited)",
					"$(PROJECT_DIR)/Generated",
				);
				PRODUCT_BUNDLE_IDENTIFIER = com.jasoncavinder.Helm;
				PRODUCT_NAME = "$(TARGET_NAME)";
				PROVISIONING_PROFILE_SPECIFIER = "";
				SWIFT_EMIT_LOC_STRINGS = YES;
				SWIFT_VERSION = 5.0;
			};
			name = Debug;
		};
		A10000090000000000000004 /* Release */ = {
			isa = XCBuildConfiguration;
			baseConfigurationReference = A40000000000000000000001 /* HelmVersion.base.xcconfig */;
			buildSettings = {
				ALWAYS_EMBED_SWIFT_STANDARD_LIBRARIES = YES;
				ASSETCATALOG_COMPILER_APPICON_NAME = AppIcon;
				ASSETCATALOG_COMPILER_GLOBAL_ACCENT_COLOR_NAME = AccentColor;
				CODE_SIGN_ENTITLEMENTS = Helm/HelmRelease.entitlements;
				CODE_SIGN_IDENTITY = "-";
				"CODE_SIGN_IDENTITY[sdk=macosx*]" = "Developer ID Application";
				CODE_SIGN_INJECT_BASE_ENTITLEMENTS = NO;
				CODE_SIGN_STYLE = Manual;
				COMBINE_HIDPI_IMAGES = YES;
				DEAD_CODE_STRIPPING = YES;
				DEVELOPMENT_TEAM = "";
				"DEVELOPMENT_TEAM[sdk=macosx*]" = V73WPJR9M4;
				ENABLE_HARDENED_RUNTIME = YES;
				OTHER_CODE_SIGN_FLAGS = "--timestamp";
				GENERATE_INFOPLIST_FILE = YES;
				INFOPLIST_FILE = Helm/Info.plist;
				INFOPLIST_KEY_NSHumanReadableCopyright = "";
				INFOPLIST_KEY_NSMainStoryboardFile = "";
				INFOPLIST_KEY_NSPrincipalClass = NSApplication;
				LD_RUNPATH_SEARCH_PATHS = (
					"$(inherited)",
					"@executable_path/../Frameworks",
				);
				LIBRARY_SEARCH_PATHS = (
					"$(inherited)",
					"$(PROJECT_DIR)/Generated",
				);
				PRODUCT_BUNDLE_IDENTIFIER = com.jasoncavinder.Helm;
				PRODUCT_NAME = "$(TARGET_NAME)";
				PROVISIONING_PROFILE_SPECIFIER = "";
				SWIFT_EMIT_LOC_STRINGS = YES;
				SWIFT_VERSION = 5.0;
			};
			name = Release;
		};
		C10000000000000000000013 /* Debug */ = {
			isa = XCBuildConfiguration;
			buildSettings = {
				CODE_SIGN_IDENTITY = "-";
				CODE_SIGN_STYLE = Automatic;
				DEVELOPMENT_TEAM = 82VSX8SQ5Q;
				GENERATE_INFOPLIST_FILE = YES;
				INFOPLIST_KEY_CFBundleDisplayName = HelmTests;
				LD_RUNPATH_SEARCH_PATHS = (
					"$(inherited)",
					"@loader_path/../Frameworks",
				);
				MACOSX_DEPLOYMENT_TARGET = 12.0;
				PRODUCT_BUNDLE_IDENTIFIER = com.jasoncavinder.HelmTests;
				PRODUCT_NAME = "$(TARGET_NAME)";
				SWIFT_VERSION = 5.0;
			};
			name = Debug;
		};
		C10000000000000000000014 /* Release */ = {
			isa = XCBuildConfiguration;
			buildSettings = {
				CODE_SIGN_IDENTITY = "-";
				CODE_SIGN_STYLE = Automatic;
				DEVELOPMENT_TEAM = 82VSX8SQ5Q;
				GENERATE_INFOPLIST_FILE = YES;
				INFOPLIST_KEY_CFBundleDisplayName = HelmTests;
				LD_RUNPATH_SEARCH_PATHS = (
					"$(inherited)",
					"@loader_path/../Frameworks",
				);
				MACOSX_DEPLOYMENT_TARGET = 12.0;
				PRODUCT_BUNDLE_IDENTIFIER = com.jasoncavinder.HelmTests;
				PRODUCT_NAME = "$(TARGET_NAME)";
				SWIFT_VERSION = 5.0;
			};
			name = Release;
		};
/* End XCBuildConfiguration section */

/* Begin XCConfigurationList section */
		8CE1FDCF2F3D2AD8000A3945 /* Build configuration list for PBXNativeTarget "HelmService" */ = {
			isa = XCConfigurationList;
			buildConfigurations = (
				8CE1FDCD2F3D2AD8000A3945 /* Debug */,
				8CE1FDCE2F3D2AD8000A3945 /* Release */,
			);
			defaultConfigurationIsVisible = 0;
			defaultConfigurationName = Release;
		};
		A10000070000000000000001 /* Build configuration list for PBXProject "Helm" */ = {
			isa = XCConfigurationList;
			buildConfigurations = (
				A10000090000000000000001 /* Debug */,
				A10000090000000000000002 /* Release */,
			);
			defaultConfigurationIsVisible = 0;
			defaultConfigurationName = Release;
		};
		A10000070000000000000002 /* Build configuration list for PBXNativeTarget "Helm" */ = {
			isa = XCConfigurationList;
			buildConfigurations = (
				A10000090000000000000003 /* Debug */,
				A10000090000000000000004 /* Release */,
			);
			defaultConfigurationIsVisible = 0;
			defaultConfigurationName = Release;
		};
		C10000000000000000000010 /* Build configuration list for PBXNativeTarget "HelmTests" */ = {
			isa = XCConfigurationList;
			buildConfigurations = (
				C10000000000000000000013 /* Debug */,
				C10000000000000000000014 /* Release */,
			);
			defaultConfigurationIsVisible = 0;
			defaultConfigurationName = Release;
		};
/* End XCConfigurationList section */
	};
	rootObject = A10000080000000000000001 /* Project object */;
}
